
Microsoft Visual Studio Solution File, Format Version 12.00
# Visual Studio 15
VisualStudioVersion = 15.0.27703.2026
MinimumVisualStudioVersion = 10.0.40219.1
Project("{888888A0-9F3D-457C-B088-3A5042F75D52}") = "numpy", "numpy\numpy.pyproj", "{2E010C1D-7E3C-4A2D-B1A8-55FE1113186D}"
EndProject
Global
	GlobalSection(SolutionConfigurationPlatforms) = preSolution
		Debug|Any CPU = Debug|Any CPU
		Release|Any CPU = Release|Any CPU
	EndGlobalSection
	GlobalSection(ProjectConfigurationPlatforms) = postSolution
		{2E010C1D-7E3C-4A2D-B1A8-55FE1113186D}.Debug|Any CPU.ActiveCfg = Debug|Any CPU
		{2E010C1D-7E3C-4A2D-B1A8-55FE1113186D}.Release|Any CPU.ActiveCfg = Release|Any CPU
	EndGlobalSection
	GlobalSection(SolutionProperties) = preSolution
		HideSolutionNode = FALSE
	EndGlobalSection
	GlobalSection(ExtensibilityGlobals) = postSolution
		SolutionGuid = {8B799CA4-71FF-419F-AE45-9A248089A5B1}
	EndGlobalSection
EndGlobal
